
Microsoft Visual Studio Solution File, Format Version 12.00
# Visual Studio 15
VisualStudioVersion = 15.0.28307.421
MinimumVisualStudioVersion = 10.0.40219.1
Project("{FAE04EC0-301F-11D3-BF4B-00C04F79EFBC}") = "CodeBattle", "CodeBattle\CodeBattle.csproj", "{437EF2FF-2BA2-4954-8A8F-E7894A8BB0C0}"
EndProject
Global
	GlobalSection(SolutionConfigurationPlatforms) = preSolution
		Debug|Any CPU = Debug|Any CPU
		Release|Any CPU = Release|Any CPU
	EndGlobalSection
	GlobalSection(ProjectConfigurationPlatforms) = postSolution
		{437EF2FF-2BA2-4954-8A8F-E7894A8BB0C0}.Debug|Any CPU.ActiveCfg = Debug|Any CPU
		{437EF2FF-2BA2-4954-8A8F-E7894A8BB0C0}.Debug|Any CPU.Build.0 = Debug|Any CPU
		{437EF2FF-2BA2-4954-8A8F-E7894A8BB0C0}.Release|Any CPU.ActiveCfg = Release|Any CPU
		{437EF2FF-2BA2-4954-8A8F-E7894A8BB0C0}.Release|Any CPU.Build.0 = Release|Any CPU
	EndGlobalSection
	GlobalSection(SolutionProperties) = preSolution
		HideSolutionNode = FALSE
	EndGlobalSection
	GlobalSection(ExtensibilityGlobals) = postSolution
		SolutionGuid = {EA0359EC-EF99-49A1-9D4C-08711AF000B8}
	EndGlobalSection
EndGlobal
