
Microsoft Visual Studio Solution File, Format Version 12.00
# Visual Studio 15
VisualStudioVersion = 15.0.28307.421
MinimumVisualStudioVersion = 10.0.40219.1
Project("{FAE04EC0-301F-11D3-BF4B-00C04F79EFBC}") = "CodeBattle", "CodeBattle\CodeBattle.csproj", "{1460FD5C-3AD8-4ED2-B33B-19F5AB241792}"
EndProject
Global
	GlobalSection(SolutionConfigurationPlatforms) = preSolution
		Debug|Any CPU = Debug|Any CPU
		Release|Any CPU = Release|Any CPU
	EndGlobalSection
	GlobalSection(ProjectConfigurationPlatforms) = postSolution
		{1460FD5C-3AD8-4ED2-B33B-19F5AB241792}.Debug|Any CPU.ActiveCfg = Debug|Any CPU
		{1460FD5C-3AD8-4ED2-B33B-19F5AB241792}.Debug|Any CPU.Build.0 = Debug|Any CPU
		{1460FD5C-3AD8-4ED2-B33B-19F5AB241792}.Release|Any CPU.ActiveCfg = Release|Any CPU
		{1460FD5C-3AD8-4ED2-B33B-19F5AB241792}.Release|Any CPU.Build.0 = Release|Any CPU
	EndGlobalSection
	GlobalSection(SolutionProperties) = preSolution
		HideSolutionNode = FALSE
	EndGlobalSection
	GlobalSection(ExtensibilityGlobals) = postSolution
		SolutionGuid = {21C9C844-265E-4615-A94C-2DC9D141AA86}
	EndGlobalSection
EndGlobal
