
Microsoft Visual Studio Solution File, Format Version 12.00
# Visual Studio 15
VisualStudioVersion = 15.0.28307.421
MinimumVisualStudioVersion = 10.0.40219.1
Project("{FAE04EC0-301F-11D3-BF4B-00C04F79EFBC}") = "PointBattle.server", "WebApplication1.csproj", "{B64146C9-C607-4389-8E3F-AB91DA756A2A}"
EndProject
Global
	GlobalSection(SolutionConfigurationPlatforms) = preSolution
		Debug|Any CPU = Debug|Any CPU
		Release|Any CPU = Release|Any CPU
	EndGlobalSection
	GlobalSection(ProjectConfigurationPlatforms) = postSolution
		{B64146C9-C607-4389-8E3F-AB91DA756A2A}.Debug|Any CPU.ActiveCfg = Debug|Any CPU
		{B64146C9-C607-4389-8E3F-AB91DA756A2A}.Debug|Any CPU.Build.0 = Debug|Any CPU
		{B64146C9-C607-4389-8E3F-AB91DA756A2A}.Release|Any CPU.ActiveCfg = Release|Any CPU
		{B64146C9-C607-4389-8E3F-AB91DA756A2A}.Release|Any CPU.Build.0 = Release|Any CPU
	EndGlobalSection
	GlobalSection(SolutionProperties) = preSolution
		HideSolutionNode = FALSE
	EndGlobalSection
	GlobalSection(ExtensibilityGlobals) = postSolution
		SolutionGuid = {B969126D-6E84-455A-9845-D5E03C70903B}
	EndGlobalSection
EndGlobal
